
Microsoft Visual Studio Solution File, Format Version 12.00
# Visual Studio Version 17
VisualStudioVersion = 17.5.33530.505
MinimumVisualStudioVersion = 10.0.40219.1
Project("{FAE04EC0-301F-11D3-BF4B-00C04F79EFBC}") = "Nintai_kids", "Nintai_kids\Nintai_kids.csproj", "{5857EC25-9082-4C3B-97DE-F057D2B98BAF}"
EndProject
Global
	GlobalSection(SolutionConfigurationPlatforms) = preSolution
		Debug|Any CPU = Debug|Any CPU
		Release|Any CPU = Release|Any CPU
	EndGlobalSection
	GlobalSection(ProjectConfigurationPlatforms) = postSolution
		{5857EC25-9082-4C3B-97DE-F057D2B98BAF}.Debug|Any CPU.ActiveCfg = Debug|Any CPU
		{5857EC25-9082-4C3B-97DE-F057D2B98BAF}.Debug|Any CPU.Build.0 = Debug|Any CPU
		{5857EC25-9082-4C3B-97DE-F057D2B98BAF}.Release|Any CPU.ActiveCfg = Release|Any CPU
		{5857EC25-9082-4C3B-97DE-F057D2B98BAF}.Release|Any CPU.Build.0 = Release|Any CPU
	EndGlobalSection
	GlobalSection(SolutionProperties) = preSolution
		HideSolutionNode = FALSE
	EndGlobalSection
	GlobalSection(ExtensibilityGlobals) = postSolution
		SolutionGuid = {49DB913C-ED49-4D22-9188-A05B3A49D3F3}
	EndGlobalSection
EndGlobal
